{
    "_readme": [
        "This file locks the dependencies of your project to a known state",
        "Read more about it at https://getcomposer.org/doc/01-basic-usage.md#composer-lock-the-lock-file",
        "This file is @generated automatically"
    ],
    "hash": "d87ad58e45be38848ebd80354e6499fa",
    "content-hash": "4333e66c64cbb80b72399b11e3f869e9",
    "packages": [
        {
            "name": "upwork/php-upwork",
            "version": "dev-master",
            "source": {
                "type": "git",
                "url": "https://github.com/upwork/php-upwork.git",
                "reference": "b48b104f0c0f9406f6240ab44a7e6a09c2d1f73d"
            },
            "dist": {
                "type": "zip",
                "url": "https://api.github.com/repos/upwork/php-upwork/zipball/b48b104f0c0f9406f6240ab44a7e6a09c2d1f73d",
                "reference": "b48b104f0c0f9406f6240ab44a7e6a09c2d1f73d",
                "shasum": ""
            },
            "require": {
                "ext-json": "*",
                "php": ">=5.3.3"
            },
            "require-dev": {
                "phpunit/php-invoker": "*",
                "phpunit/phpunit": "3.7.*"
            },
            "suggest": {
                "ext-oauth": "This extension from PECL provides OAuth consumer and provider bindings. See more under http://www.php.net/oauth"
            },
            "type": "library",
            "autoload": {
                "psr-0": {
                    "Upwork\\API": "src/"
                },
                "files": [
                    "src/Upwork/API/constants.php"
                ]
            },
            "notification-url": "https://packagist.org/downloads/",
            "license": [
                "Apache-2.0"
            ],
            "authors": [
                {
                    "name": "Maksym Novozhylov",
                    "email": "mnovozhilov@upwork.com",
                    "homepage": "http://mnov.tel",
                    "role": "Software Engineer, Platform/Integrity"
                }
            ],
            "description": "PHP bindings for Upwork API",
            "homepage": "http://www.upwork.com",
            "keywords": [
                "api",
                "php",
                "upwork"
            ],
            "time": "2016-08-26 08:51:33"
        }
    ],
    "packages-dev": [],
    "aliases": [],
    "minimum-stability": "stable",
    "stability-flags": {
        "upwork/php-upwork": 20
    },
    "prefer-stable": false,
    "prefer-lowest": false,
    "platform": [],
    "platform-dev": []
}
